
Microsoft Visual Studio Solution File, Format Version 12.00
# Visual Studio Version 17
VisualStudioVersion = 17.0.31903.59
MinimumVisualStudioVersion = 10.0.40219.1
Project("{2150E333-8FDC-42A3-9474-1A3956D46DE8}") = "src", "src", "{827E0CD3-B72D-47B6-A68D-7590B98EB39B}"
EndProject
Project("{FAE04EC0-301F-11D3-BF4B-00C04F79EFBC}") = "Shared", "src\Shared\Shared.csproj", "{8BF9C56E-8E22-4E5A-8328-449BBB1D0BD9}"
EndProject
Project("{FAE04EC0-301F-11D3-BF4B-00C04F79EFBC}") = "Domain", "src\Domain\Domain.csproj", "{D5259FA3-2474-45BD-AE1F-3D770F53EC25}"
EndProject
Project("{FAE04EC0-301F-11D3-BF4B-00C04F79EFBC}") = "Application", "src\Application\Application.csproj", "{C09B1683-7480-4053-9027-CF66295E4BF9}"
EndProject
Project("{FAE04EC0-301F-11D3-BF4B-00C04F79EFBC}") = "Infrastructure", "src\Infrastructure\Infrastructure.csproj", "{34537B29-48CB-4A70-8CCB-96CBFEF919B1}"
EndProject
Project("{FAE04EC0-301F-11D3-BF4B-00C04F79EFBC}") = "Host", "src\Host\Host.csproj", "{E8641794-47C2-48DF-90CA-89AFA5D34087}"
EndProject
Project("{FAE04EC0-301F-11D3-BF4B-00C04F79EFBC}") = "Migrators.MSSQL", "src\Migrators.MSSQL\Migrators.MSSQL.csproj", "{D17CBD9A-9735-4F7E-AA9D-121AE851C6F9}"
EndProject
Global
	GlobalSection(SolutionConfigurationPlatforms) = preSolution
		Debug|Any CPU = Debug|Any CPU
		Debug|x64 = Debug|x64
		Debug|x86 = Debug|x86
		Release|Any CPU = Release|Any CPU
		Release|x64 = Release|x64
		Release|x86 = Release|x86
	EndGlobalSection
	GlobalSection(ProjectConfigurationPlatforms) = postSolution
		{8BF9C56E-8E22-4E5A-8328-449BBB1D0BD9}.Debug|Any CPU.ActiveCfg = Debug|Any CPU
		{8BF9C56E-8E22-4E5A-8328-449BBB1D0BD9}.Debug|Any CPU.Build.0 = Debug|Any CPU
		{8BF9C56E-8E22-4E5A-8328-449BBB1D0BD9}.Debug|x64.ActiveCfg = Debug|Any CPU
		{8BF9C56E-8E22-4E5A-8328-449BBB1D0BD9}.Debug|x64.Build.0 = Debug|Any CPU
		{8BF9C56E-8E22-4E5A-8328-449BBB1D0BD9}.Debug|x86.ActiveCfg = Debug|Any CPU
		{8BF9C56E-8E22-4E5A-8328-449BBB1D0BD9}.Debug|x86.Build.0 = Debug|Any CPU
		{8BF9C56E-8E22-4E5A-8328-449BBB1D0BD9}.Release|Any CPU.ActiveCfg = Release|Any CPU
		{8BF9C56E-8E22-4E5A-8328-449BBB1D0BD9}.Release|Any CPU.Build.0 = Release|Any CPU
		{8BF9C56E-8E22-4E5A-8328-449BBB1D0BD9}.Release|x64.ActiveCfg = Release|Any CPU
		{8BF9C56E-8E22-4E5A-8328-449BBB1D0BD9}.Release|x64.Build.0 = Release|Any CPU
		{8BF9C56E-8E22-4E5A-8328-449BBB1D0BD9}.Release|x86.ActiveCfg = Release|Any CPU
		{8BF9C56E-8E22-4E5A-8328-449BBB1D0BD9}.Release|x86.Build.0 = Release|Any CPU
		{D5259FA3-2474-45BD-AE1F-3D770F53EC25}.Debug|Any CPU.ActiveCfg = Debug|Any CPU
		{D5259FA3-2474-45BD-AE1F-3D770F53EC25}.Debug|Any CPU.Build.0 = Debug|Any CPU
		{D5259FA3-2474-45BD-AE1F-3D770F53EC25}.Debug|x64.ActiveCfg = Debug|Any CPU
		{D5259FA3-2474-45BD-AE1F-3D770F53EC25}.Debug|x64.Build.0 = Debug|Any CPU
		{D5259FA3-2474-45BD-AE1F-3D770F53EC25}.Debug|x86.ActiveCfg = Debug|Any CPU
		{D5259FA3-2474-45BD-AE1F-3D770F53EC25}.Debug|x86.Build.0 = Debug|Any CPU
		{D5259FA3-2474-45BD-AE1F-3D770F53EC25}.Release|Any CPU.ActiveCfg = Release|Any CPU
		{D5259FA3-2474-45BD-AE1F-3D770F53EC25}.Release|Any CPU.Build.0 = Release|Any CPU
		{D5259FA3-2474-45BD-AE1F-3D770F53EC25}.Release|x64.ActiveCfg = Release|Any CPU
		{D5259FA3-2474-45BD-AE1F-3D770F53EC25}.Release|x64.Build.0 = Release|Any CPU
		{D5259FA3-2474-45BD-AE1F-3D770F53EC25}.Release|x86.ActiveCfg = Release|Any CPU
		{D5259FA3-2474-45BD-AE1F-3D770F53EC25}.Release|x86.Build.0 = Release|Any CPU
		{C09B1683-7480-4053-9027-CF66295E4BF9}.Debug|Any CPU.ActiveCfg = Debug|Any CPU
		{C09B1683-7480-4053-9027-CF66295E4BF9}.Debug|Any CPU.Build.0 = Debug|Any CPU
		{C09B1683-7480-4053-9027-CF66295E4BF9}.Debug|x64.ActiveCfg = Debug|Any CPU
		{C09B1683-7480-4053-9027-CF66295E4BF9}.Debug|x64.Build.0 = Debug|Any CPU
		{C09B1683-7480-4053-9027-CF66295E4BF9}.Debug|x86.ActiveCfg = Debug|Any CPU
		{C09B1683-7480-4053-9027-CF66295E4BF9}.Debug|x86.Build.0 = Debug|Any CPU
		{C09B1683-7480-4053-9027-CF66295E4BF9}.Release|Any CPU.ActiveCfg = Release|Any CPU
		{C09B1683-7480-4053-9027-CF66295E4BF9}.Release|Any CPU.Build.0 = Release|Any CPU
		{C09B1683-7480-4053-9027-CF66295E4BF9}.Release|x64.ActiveCfg = Release|Any CPU
		{C09B1683-7480-4053-9027-CF66295E4BF9}.Release|x64.Build.0 = Release|Any CPU
		{C09B1683-7480-4053-9027-CF66295E4BF9}.Release|x86.ActiveCfg = Release|Any CPU
		{C09B1683-7480-4053-9027-CF66295E4BF9}.Release|x86.Build.0 = Release|Any CPU
		{34537B29-48CB-4A70-8CCB-96CBFEF919B1}.Debug|Any CPU.ActiveCfg = Debug|Any CPU
		{34537B29-48CB-4A70-8CCB-96CBFEF919B1}.Debug|Any CPU.Build.0 = Debug|Any CPU
		{34537B29-48CB-4A70-8CCB-96CBFEF919B1}.Debug|x64.ActiveCfg = Debug|Any CPU
		{34537B29-48CB-4A70-8CCB-96CBFEF919B1}.Debug|x64.Build.0 = Debug|Any CPU
		{34537B29-48CB-4A70-8CCB-96CBFEF919B1}.Debug|x86.ActiveCfg = Debug|Any CPU
		{34537B29-48CB-4A70-8CCB-96CBFEF919B1}.Debug|x86.Build.0 = Debug|Any CPU
		{34537B29-48CB-4A70-8CCB-96CBFEF919B1}.Release|Any CPU.ActiveCfg = Release|Any CPU
		{34537B29-48CB-4A70-8CCB-96CBFEF919B1}.Release|Any CPU.Build.0 = Release|Any CPU
		{34537B29-48CB-4A70-8CCB-96CBFEF919B1}.Release|x64.ActiveCfg = Release|Any CPU
		{34537B29-48CB-4A70-8CCB-96CBFEF919B1}.Release|x64.Build.0 = Release|Any CPU
		{34537B29-48CB-4A70-8CCB-96CBFEF919B1}.Release|x86.ActiveCfg = Release|Any CPU
		{34537B29-48CB-4A70-8CCB-96CBFEF919B1}.Release|x86.Build.0 = Release|Any CPU
		{E8641794-47C2-48DF-90CA-89AFA5D34087}.Debug|Any CPU.ActiveCfg = Debug|Any CPU
		{E8641794-47C2-48DF-90CA-89AFA5D34087}.Debug|Any CPU.Build.0 = Debug|Any CPU
		{E8641794-47C2-48DF-90CA-89AFA5D34087}.Debug|x64.ActiveCfg = Debug|Any CPU
		{E8641794-47C2-48DF-90CA-89AFA5D34087}.Debug|x64.Build.0 = Debug|Any CPU
		{E8641794-47C2-48DF-90CA-89AFA5D34087}.Debug|x86.ActiveCfg = Debug|Any CPU
		{E8641794-47C2-48DF-90CA-89AFA5D34087}.Debug|x86.Build.0 = Debug|Any CPU
		{E8641794-47C2-48DF-90CA-89AFA5D34087}.Release|Any CPU.ActiveCfg = Release|Any CPU
		{E8641794-47C2-48DF-90CA-89AFA5D34087}.Release|Any CPU.Build.0 = Release|Any CPU
		{E8641794-47C2-48DF-90CA-89AFA5D34087}.Release|x64.ActiveCfg = Release|Any CPU
		{E8641794-47C2-48DF-90CA-89AFA5D34087}.Release|x64.Build.0 = Release|Any CPU
		{E8641794-47C2-48DF-90CA-89AFA5D34087}.Release|x86.ActiveCfg = Release|Any CPU
		{E8641794-47C2-48DF-90CA-89AFA5D34087}.Release|x86.Build.0 = Release|Any CPU
		{D17CBD9A-9735-4F7E-AA9D-121AE851C6F9}.Debug|Any CPU.ActiveCfg = Debug|Any CPU
		{D17CBD9A-9735-4F7E-AA9D-121AE851C6F9}.Debug|Any CPU.Build.0 = Debug|Any CPU
		{D17CBD9A-9735-4F7E-AA9D-121AE851C6F9}.Debug|x64.ActiveCfg = Debug|Any CPU
		{D17CBD9A-9735-4F7E-AA9D-121AE851C6F9}.Debug|x64.Build.0 = Debug|Any CPU
		{D17CBD9A-9735-4F7E-AA9D-121AE851C6F9}.Debug|x86.ActiveCfg = Debug|Any CPU
		{D17CBD9A-9735-4F7E-AA9D-121AE851C6F9}.Debug|x86.Build.0 = Debug|Any CPU
		{D17CBD9A-9735-4F7E-AA9D-121AE851C6F9}.Release|Any CPU.ActiveCfg = Release|Any CPU
		{D17CBD9A-9735-4F7E-AA9D-121AE851C6F9}.Release|Any CPU.Build.0 = Release|Any CPU
		{D17CBD9A-9735-4F7E-AA9D-121AE851C6F9}.Release|x64.ActiveCfg = Release|Any CPU
		{D17CBD9A-9735-4F7E-AA9D-121AE851C6F9}.Release|x64.Build.0 = Release|Any CPU
		{D17CBD9A-9735-4F7E-AA9D-121AE851C6F9}.Release|x86.ActiveCfg = Release|Any CPU
		{D17CBD9A-9735-4F7E-AA9D-121AE851C6F9}.Release|x86.Build.0 = Release|Any CPU
	EndGlobalSection
	GlobalSection(SolutionProperties) = preSolution
		HideSolutionNode = FALSE
	EndGlobalSection
	GlobalSection(NestedProjects) = preSolution
		{8BF9C56E-8E22-4E5A-8328-449BBB1D0BD9} = {827E0CD3-B72D-47B6-A68D-7590B98EB39B}
		{D5259FA3-2474-45BD-AE1F-3D770F53EC25} = {827E0CD3-B72D-47B6-A68D-7590B98EB39B}
		{C09B1683-7480-4053-9027-CF66295E4BF9} = {827E0CD3-B72D-47B6-A68D-7590B98EB39B}
		{34537B29-48CB-4A70-8CCB-96CBFEF919B1} = {827E0CD3-B72D-47B6-A68D-7590B98EB39B}
		{E8641794-47C2-48DF-90CA-89AFA5D34087} = {827E0CD3-B72D-47B6-A68D-7590B98EB39B}
		{D17CBD9A-9735-4F7E-AA9D-121AE851C6F9} = {827E0CD3-B72D-47B6-A68D-7590B98EB39B}
	EndGlobalSection
EndGlobal
